
Microsoft Visual Studio Solution File, Format Version 12.00
# Visual Studio Version 17
VisualStudioVersion = 17.11.35222.181
MinimumVisualStudioVersion = 10.0.40219.1
Project("{8BC9CEB8-8B4A-11D0-8D11-00A0C91BC942}") = "Parentesi", "Parentesi.vcxproj", "{2D7FB412-F783-4784-BE73-8D68BC92765C}"
EndProject
Global
	GlobalSection(SolutionConfigurationPlatforms) = preSolution
		Debug|x64 = Debug|x64
		Debug|x86 = Debug|x86
		Release|x64 = Release|x64
		Release|x86 = Release|x86
	EndGlobalSection
	GlobalSection(ProjectConfigurationPlatforms) = postSolution
		{2D7FB412-F783-4784-BE73-8D68BC92765C}.Debug|x64.ActiveCfg = Debug|x64
		{2D7FB412-F783-4784-BE73-8D68BC92765C}.Debug|x64.Build.0 = Debug|x64
		{2D7FB412-F783-4784-BE73-8D68BC92765C}.Debug|x86.ActiveCfg = Debug|Win32
		{2D7FB412-F783-4784-BE73-8D68BC92765C}.Debug|x86.Build.0 = Debug|Win32
		{2D7FB412-F783-4784-BE73-8D68BC92765C}.Release|x64.ActiveCfg = Release|x64
		{2D7FB412-F783-4784-BE73-8D68BC92765C}.Release|x64.Build.0 = Release|x64
		{2D7FB412-F783-4784-BE73-8D68BC92765C}.Release|x86.ActiveCfg = Release|Win32
		{2D7FB412-F783-4784-BE73-8D68BC92765C}.Release|x86.Build.0 = Release|Win32
	EndGlobalSection
	GlobalSection(SolutionProperties) = preSolution
		HideSolutionNode = FALSE
	EndGlobalSection
	GlobalSection(ExtensibilityGlobals) = postSolution
		SolutionGuid = {5906E5DA-BB6A-4C97-90BC-23269BE8E055}
	EndGlobalSection
EndGlobal
