
Microsoft Visual Studio Solution File, Format Version 12.00
# Visual Studio Version 17
VisualStudioVersion = 17.11.35222.181
MinimumVisualStudioVersion = 10.0.40219.1
Project("{8BC9CEB8-8B4A-11D0-8D11-00A0C91BC942}") = "Pari&Dispari", "Pari&Dispari.vcxproj", "{9C148BA2-3259-4787-AF31-DA1E22A84998}"
EndProject
Global
	GlobalSection(SolutionConfigurationPlatforms) = preSolution
		Debug|x64 = Debug|x64
		Debug|x86 = Debug|x86
		Release|x64 = Release|x64
		Release|x86 = Release|x86
	EndGlobalSection
	GlobalSection(ProjectConfigurationPlatforms) = postSolution
		{9C148BA2-3259-4787-AF31-DA1E22A84998}.Debug|x64.ActiveCfg = Debug|x64
		{9C148BA2-3259-4787-AF31-DA1E22A84998}.Debug|x64.Build.0 = Debug|x64
		{9C148BA2-3259-4787-AF31-DA1E22A84998}.Debug|x86.ActiveCfg = Debug|Win32
		{9C148BA2-3259-4787-AF31-DA1E22A84998}.Debug|x86.Build.0 = Debug|Win32
		{9C148BA2-3259-4787-AF31-DA1E22A84998}.Release|x64.ActiveCfg = Release|x64
		{9C148BA2-3259-4787-AF31-DA1E22A84998}.Release|x64.Build.0 = Release|x64
		{9C148BA2-3259-4787-AF31-DA1E22A84998}.Release|x86.ActiveCfg = Release|Win32
		{9C148BA2-3259-4787-AF31-DA1E22A84998}.Release|x86.Build.0 = Release|Win32
	EndGlobalSection
	GlobalSection(SolutionProperties) = preSolution
		HideSolutionNode = FALSE
	EndGlobalSection
	GlobalSection(ExtensibilityGlobals) = postSolution
		SolutionGuid = {D140587B-3215-4B08-A72E-A10ED6CFB127}
	EndGlobalSection
EndGlobal
