
Microsoft Visual Studio Solution File, Format Version 12.00
# Visual Studio Version 17
VisualStudioVersion = 17.11.35222.181
MinimumVisualStudioVersion = 10.0.40219.1
Project("{8BC9CEB8-8B4A-11D0-8D11-00A0C91BC942}") = "Mirror", "Mirror.vcxproj", "{DAD47F6B-65D6-4DB3-913D-6E5EA2F45ACF}"
EndProject
Global
	GlobalSection(SolutionConfigurationPlatforms) = preSolution
		Debug|x64 = Debug|x64
		Debug|x86 = Debug|x86
		Release|x64 = Release|x64
		Release|x86 = Release|x86
	EndGlobalSection
	GlobalSection(ProjectConfigurationPlatforms) = postSolution
		{DAD47F6B-65D6-4DB3-913D-6E5EA2F45ACF}.Debug|x64.ActiveCfg = Debug|x64
		{DAD47F6B-65D6-4DB3-913D-6E5EA2F45ACF}.Debug|x64.Build.0 = Debug|x64
		{DAD47F6B-65D6-4DB3-913D-6E5EA2F45ACF}.Debug|x86.ActiveCfg = Debug|Win32
		{DAD47F6B-65D6-4DB3-913D-6E5EA2F45ACF}.Debug|x86.Build.0 = Debug|Win32
		{DAD47F6B-65D6-4DB3-913D-6E5EA2F45ACF}.Release|x64.ActiveCfg = Release|x64
		{DAD47F6B-65D6-4DB3-913D-6E5EA2F45ACF}.Release|x64.Build.0 = Release|x64
		{DAD47F6B-65D6-4DB3-913D-6E5EA2F45ACF}.Release|x86.ActiveCfg = Release|Win32
		{DAD47F6B-65D6-4DB3-913D-6E5EA2F45ACF}.Release|x86.Build.0 = Release|Win32
	EndGlobalSection
	GlobalSection(SolutionProperties) = preSolution
		HideSolutionNode = FALSE
	EndGlobalSection
	GlobalSection(ExtensibilityGlobals) = postSolution
		SolutionGuid = {E1219FEA-23CA-4483-8416-930EBC14DF80}
	EndGlobalSection
EndGlobal
