
Microsoft Visual Studio Solution File, Format Version 12.00
# Visual Studio Version 17
VisualStudioVersion = 17.11.35222.181
MinimumVisualStudioVersion = 10.0.40219.1
Project("{8BC9CEB8-8B4A-11D0-8D11-00A0C91BC942}") = "TempoTrasporto", "TempoTrasporto.vcxproj", "{B03C4C14-DED0-46FD-9B9F-0BAE489C61DE}"
EndProject
Global
	GlobalSection(SolutionConfigurationPlatforms) = preSolution
		Debug|x64 = Debug|x64
		Debug|x86 = Debug|x86
		Release|x64 = Release|x64
		Release|x86 = Release|x86
	EndGlobalSection
	GlobalSection(ProjectConfigurationPlatforms) = postSolution
		{B03C4C14-DED0-46FD-9B9F-0BAE489C61DE}.Debug|x64.ActiveCfg = Debug|x64
		{B03C4C14-DED0-46FD-9B9F-0BAE489C61DE}.Debug|x64.Build.0 = Debug|x64
		{B03C4C14-DED0-46FD-9B9F-0BAE489C61DE}.Debug|x86.ActiveCfg = Debug|Win32
		{B03C4C14-DED0-46FD-9B9F-0BAE489C61DE}.Debug|x86.Build.0 = Debug|Win32
		{B03C4C14-DED0-46FD-9B9F-0BAE489C61DE}.Release|x64.ActiveCfg = Release|x64
		{B03C4C14-DED0-46FD-9B9F-0BAE489C61DE}.Release|x64.Build.0 = Release|x64
		{B03C4C14-DED0-46FD-9B9F-0BAE489C61DE}.Release|x86.ActiveCfg = Release|Win32
		{B03C4C14-DED0-46FD-9B9F-0BAE489C61DE}.Release|x86.Build.0 = Release|Win32
	EndGlobalSection
	GlobalSection(SolutionProperties) = preSolution
		HideSolutionNode = FALSE
	EndGlobalSection
	GlobalSection(ExtensibilityGlobals) = postSolution
		SolutionGuid = {70AB5A4F-CE5B-41E6-A276-11574BC46F04}
	EndGlobalSection
EndGlobal
