
Microsoft Visual Studio Solution File, Format Version 12.00
# Visual Studio Version 17
VisualStudioVersion = 17.10.35013.160
MinimumVisualStudioVersion = 10.0.40219.1
Project("{8BC9CEB8-8B4A-11D0-8D11-00A0C91BC942}") = "Stringhe", "Stringhe.vcxproj", "{FDCABC9E-9F6B-485F-892D-59CF5664FEAD}"
EndProject
Global
	GlobalSection(SolutionConfigurationPlatforms) = preSolution
		Debug|x64 = Debug|x64
		Debug|x86 = Debug|x86
		Release|x64 = Release|x64
		Release|x86 = Release|x86
	EndGlobalSection
	GlobalSection(ProjectConfigurationPlatforms) = postSolution
		{FDCABC9E-9F6B-485F-892D-59CF5664FEAD}.Debug|x64.ActiveCfg = Debug|x64
		{FDCABC9E-9F6B-485F-892D-59CF5664FEAD}.Debug|x64.Build.0 = Debug|x64
		{FDCABC9E-9F6B-485F-892D-59CF5664FEAD}.Debug|x86.ActiveCfg = Debug|Win32
		{FDCABC9E-9F6B-485F-892D-59CF5664FEAD}.Debug|x86.Build.0 = Debug|Win32
		{FDCABC9E-9F6B-485F-892D-59CF5664FEAD}.Release|x64.ActiveCfg = Release|x64
		{FDCABC9E-9F6B-485F-892D-59CF5664FEAD}.Release|x64.Build.0 = Release|x64
		{FDCABC9E-9F6B-485F-892D-59CF5664FEAD}.Release|x86.ActiveCfg = Release|Win32
		{FDCABC9E-9F6B-485F-892D-59CF5664FEAD}.Release|x86.Build.0 = Release|Win32
	EndGlobalSection
	GlobalSection(SolutionProperties) = preSolution
		HideSolutionNode = FALSE
	EndGlobalSection
	GlobalSection(ExtensibilityGlobals) = postSolution
		SolutionGuid = {5247DBF4-4A4C-4872-AD16-1FABC7825AEF}
	EndGlobalSection
EndGlobal
