
Microsoft Visual Studio Solution File, Format Version 12.00
# Visual Studio Version 17
VisualStudioVersion = 17.11.35222.181
MinimumVisualStudioVersion = 10.0.40219.1
Project("{8BC9CEB8-8B4A-11D0-8D11-00A0C91BC942}") = "Power4", "Power4.vcxproj", "{8FF04566-4571-4D52-AD36-F5708711147B}"
EndProject
Global
	GlobalSection(SolutionConfigurationPlatforms) = preSolution
		Debug|x64 = Debug|x64
		Debug|x86 = Debug|x86
		Release|x64 = Release|x64
		Release|x86 = Release|x86
	EndGlobalSection
	GlobalSection(ProjectConfigurationPlatforms) = postSolution
		{8FF04566-4571-4D52-AD36-F5708711147B}.Debug|x64.ActiveCfg = Debug|x64
		{8FF04566-4571-4D52-AD36-F5708711147B}.Debug|x64.Build.0 = Debug|x64
		{8FF04566-4571-4D52-AD36-F5708711147B}.Debug|x86.ActiveCfg = Debug|Win32
		{8FF04566-4571-4D52-AD36-F5708711147B}.Debug|x86.Build.0 = Debug|Win32
		{8FF04566-4571-4D52-AD36-F5708711147B}.Release|x64.ActiveCfg = Release|x64
		{8FF04566-4571-4D52-AD36-F5708711147B}.Release|x64.Build.0 = Release|x64
		{8FF04566-4571-4D52-AD36-F5708711147B}.Release|x86.ActiveCfg = Release|Win32
		{8FF04566-4571-4D52-AD36-F5708711147B}.Release|x86.Build.0 = Release|Win32
	EndGlobalSection
	GlobalSection(SolutionProperties) = preSolution
		HideSolutionNode = FALSE
	EndGlobalSection
	GlobalSection(ExtensibilityGlobals) = postSolution
		SolutionGuid = {EA05B9B0-2082-4AA0-AE6F-A5E1297886AB}
	EndGlobalSection
EndGlobal
