
Microsoft Visual Studio Solution File, Format Version 12.00
# Visual Studio Version 17
VisualStudioVersion = 17.10.35013.160
MinimumVisualStudioVersion = 10.0.40219.1
Project("{8BC9CEB8-8B4A-11D0-8D11-00A0C91BC942}") = "Fibonacci", "Fibonacci.vcxproj", "{F069A439-15F0-4B00-AFC1-963226AA6B73}"
EndProject
Global
	GlobalSection(SolutionConfigurationPlatforms) = preSolution
		Debug|x64 = Debug|x64
		Debug|x86 = Debug|x86
		Release|x64 = Release|x64
		Release|x86 = Release|x86
	EndGlobalSection
	GlobalSection(ProjectConfigurationPlatforms) = postSolution
		{F069A439-15F0-4B00-AFC1-963226AA6B73}.Debug|x64.ActiveCfg = Debug|x64
		{F069A439-15F0-4B00-AFC1-963226AA6B73}.Debug|x64.Build.0 = Debug|x64
		{F069A439-15F0-4B00-AFC1-963226AA6B73}.Debug|x86.ActiveCfg = Debug|Win32
		{F069A439-15F0-4B00-AFC1-963226AA6B73}.Debug|x86.Build.0 = Debug|Win32
		{F069A439-15F0-4B00-AFC1-963226AA6B73}.Release|x64.ActiveCfg = Release|x64
		{F069A439-15F0-4B00-AFC1-963226AA6B73}.Release|x64.Build.0 = Release|x64
		{F069A439-15F0-4B00-AFC1-963226AA6B73}.Release|x86.ActiveCfg = Release|Win32
		{F069A439-15F0-4B00-AFC1-963226AA6B73}.Release|x86.Build.0 = Release|Win32
	EndGlobalSection
	GlobalSection(SolutionProperties) = preSolution
		HideSolutionNode = FALSE
	EndGlobalSection
	GlobalSection(ExtensibilityGlobals) = postSolution
		SolutionGuid = {C241AC89-AC13-48AE-9FB2-E5214983B673}
	EndGlobalSection
EndGlobal
